
Microsoft Visual Studio Solution File, Format Version 12.00
# Visual Studio Version 16
VisualStudioVersion = 16.0.29519.181
MinimumVisualStudioVersion = 10.0.40219.1
Project("{FAE04EC0-301F-11D3-BF4B-00C04F79EFBC}") = "SimpleRotationFunc", "SimpleRotationFunc.csproj", "{F7933A6C-1217-4710-BD3A-42EE06D6AAD7}"
EndProject
Global
	GlobalSection(SolutionConfigurationPlatforms) = preSolution
		Debug|Any CPU = Debug|Any CPU
		Release|Any CPU = Release|Any CPU
	EndGlobalSection
	GlobalSection(ProjectConfigurationPlatforms) = postSolution
		{F7933A6C-1217-4710-BD3A-42EE06D6AAD7}.Debug|Any CPU.ActiveCfg = Debug|Any CPU
		{F7933A6C-1217-4710-BD3A-42EE06D6AAD7}.Debug|Any CPU.Build.0 = Debug|Any CPU
		{F7933A6C-1217-4710-BD3A-42EE06D6AAD7}.Release|Any CPU.ActiveCfg = Release|Any CPU
		{F7933A6C-1217-4710-BD3A-42EE06D6AAD7}.Release|Any CPU.Build.0 = Release|Any CPU
	EndGlobalSection
	GlobalSection(SolutionProperties) = preSolution
		HideSolutionNode = FALSE
	EndGlobalSection
	GlobalSection(ExtensibilityGlobals) = postSolution
		SolutionGuid = {996B5ED7-D129-4317-8E45-6D270AD082A2}
	EndGlobalSection
EndGlobal
